
Microsoft Visual Studio Solution File, Format Version 12.00
# Visual Studio Version 17
VisualStudioVersion = 17.5.33424.131
MinimumVisualStudioVersion = 10.0.40219.1
Project("{2150E333-8FDC-42A3-9474-1A3956D46DE8}") = "Generators", "Generators", "{8C9297FE-3A53-4E20-A0F7-978F33432919}"
EndProject
Project("{9A19103F-16F7-4668-BE54-9A1E7A4F7556}") = "Soft.Generator.AngularGenerator", "Soft.Generator.AngularEntities\Soft.Generator.AngularGenerator.csproj", "{B73CF827-40BB-48FD-8EF3-0AF83B7CD61E}"
EndProject
Project("{9A19103F-16F7-4668-BE54-9A1E7A4F7556}") = "Soft.Generator.WebAPI", "Soft.Generator.WebAPI\Soft.Generator.WebAPI.csproj", "{CE83D647-7320-45CC-B781-C382DF244B59}"
EndProject
Project("{2150E333-8FDC-42A3-9474-1A3956D46DE8}") = "Business", "Business", "{1B9BB421-EAA5-493F-90D2-4E05099F1D60}"
EndProject
Project("{9A19103F-16F7-4668-BE54-9A1E7A4F7556}") = "Soft.Generator.Business", "Soft.Generator.Business\Soft.Generator.Business.csproj", "{629CFE05-78E0-4506-A4B1-4265B6ECE51B}"
EndProject
Project("{9A19103F-16F7-4668-BE54-9A1E7A4F7556}") = "Soft.Generator.Security", "Soft.Generator.Security\Soft.Generator.Security.csproj", "{6F833928-076E-44D5-B013-513D1012D7C9}"
EndProject
Project("{2150E333-8FDC-42A3-9474-1A3956D46DE8}") = "Infrastructure", "Infrastructure", "{FCA5DC1C-2A15-4D1B-8185-F341A30F789C}"
EndProject
Project("{9A19103F-16F7-4668-BE54-9A1E7A4F7556}") = "Soft.Generator.Infrastructure", "Soft.Generator.Infrastructure\Soft.Generator.Infrastructure.csproj", "{3A55CE76-7F4B-49BE-BC99-98D072DABD3E}"
EndProject
Project("{9A19103F-16F7-4668-BE54-9A1E7A4F7556}") = "Soft.Generator.EF2DTO", "Soft.Generator.EF2DTO\Soft.Generator.EF2DTO.csproj", "{6C15BDC0-1970-49BB-A85F-CA6F689A9837}"
EndProject
Project("{2150E333-8FDC-42A3-9474-1A3956D46DE8}") = "Nuget", "Nuget", "{3AE6999D-E031-4681-A6DE-45976916C145}"
EndProject
Project("{9A19103F-16F7-4668-BE54-9A1E7A4F7556}") = "Soft.NgTable", "Soft.NgTable\Soft.NgTable.csproj", "{BE3877A6-B51C-47C4-8A36-AB233A87E050}"
EndProject
Project("{2150E333-8FDC-42A3-9474-1A3956D46DE8}") = "SourceGenerators", "SourceGenerators", "{AEFA8D10-A1AD-46E3-A5BE-0788F935BB4F}"
EndProject
Project("{9A19103F-16F7-4668-BE54-9A1E7A4F7556}") = "Soft.SourceGenerators", "Soft.SourceGenerator.NgTable\Soft.SourceGenerators.csproj", "{5F1C88DB-48EE-424C-941B-28BB012434AC}"
EndProject
Project("{9A19103F-16F7-4668-BE54-9A1E7A4F7556}") = "Soft.SourceGenerators.Debugger", "Soft.SourceGenerator.Debuger\Soft.SourceGenerators.Debugger.csproj", "{DD5959AE-883B-46DB-BE98-9E41AB34119F}"
EndProject
Project("{9A19103F-16F7-4668-BE54-9A1E7A4F7556}") = "Soft.Generator.Shared", "Soft.Generator.Shared\Soft.Generator.Shared.csproj", "{2A6C90AD-D954-423F-A9CF-B4D77B2869D1}"
EndProject
Global
	GlobalSection(SolutionConfigurationPlatforms) = preSolution
		Debug|Any CPU = Debug|Any CPU
		Release|Any CPU = Release|Any CPU
	EndGlobalSection
	GlobalSection(ProjectConfigurationPlatforms) = postSolution
		{B73CF827-40BB-48FD-8EF3-0AF83B7CD61E}.Debug|Any CPU.ActiveCfg = Debug|Any CPU
		{B73CF827-40BB-48FD-8EF3-0AF83B7CD61E}.Debug|Any CPU.Build.0 = Debug|Any CPU
		{B73CF827-40BB-48FD-8EF3-0AF83B7CD61E}.Release|Any CPU.ActiveCfg = Release|Any CPU
		{B73CF827-40BB-48FD-8EF3-0AF83B7CD61E}.Release|Any CPU.Build.0 = Release|Any CPU
		{CE83D647-7320-45CC-B781-C382DF244B59}.Debug|Any CPU.ActiveCfg = Debug|Any CPU
		{CE83D647-7320-45CC-B781-C382DF244B59}.Debug|Any CPU.Build.0 = Debug|Any CPU
		{CE83D647-7320-45CC-B781-C382DF244B59}.Release|Any CPU.ActiveCfg = Release|Any CPU
		{CE83D647-7320-45CC-B781-C382DF244B59}.Release|Any CPU.Build.0 = Release|Any CPU
		{629CFE05-78E0-4506-A4B1-4265B6ECE51B}.Debug|Any CPU.ActiveCfg = Debug|Any CPU
		{629CFE05-78E0-4506-A4B1-4265B6ECE51B}.Debug|Any CPU.Build.0 = Debug|Any CPU
		{629CFE05-78E0-4506-A4B1-4265B6ECE51B}.Release|Any CPU.ActiveCfg = Release|Any CPU
		{629CFE05-78E0-4506-A4B1-4265B6ECE51B}.Release|Any CPU.Build.0 = Release|Any CPU
		{6F833928-076E-44D5-B013-513D1012D7C9}.Debug|Any CPU.ActiveCfg = Debug|Any CPU
		{6F833928-076E-44D5-B013-513D1012D7C9}.Debug|Any CPU.Build.0 = Debug|Any CPU
		{6F833928-076E-44D5-B013-513D1012D7C9}.Release|Any CPU.ActiveCfg = Release|Any CPU
		{6F833928-076E-44D5-B013-513D1012D7C9}.Release|Any CPU.Build.0 = Release|Any CPU
		{3A55CE76-7F4B-49BE-BC99-98D072DABD3E}.Debug|Any CPU.ActiveCfg = Debug|Any CPU
		{3A55CE76-7F4B-49BE-BC99-98D072DABD3E}.Debug|Any CPU.Build.0 = Debug|Any CPU
		{3A55CE76-7F4B-49BE-BC99-98D072DABD3E}.Release|Any CPU.ActiveCfg = Release|Any CPU
		{3A55CE76-7F4B-49BE-BC99-98D072DABD3E}.Release|Any CPU.Build.0 = Release|Any CPU
		{6C15BDC0-1970-49BB-A85F-CA6F689A9837}.Debug|Any CPU.ActiveCfg = Debug|Any CPU
		{6C15BDC0-1970-49BB-A85F-CA6F689A9837}.Debug|Any CPU.Build.0 = Debug|Any CPU
		{6C15BDC0-1970-49BB-A85F-CA6F689A9837}.Release|Any CPU.ActiveCfg = Release|Any CPU
		{6C15BDC0-1970-49BB-A85F-CA6F689A9837}.Release|Any CPU.Build.0 = Release|Any CPU
		{BE3877A6-B51C-47C4-8A36-AB233A87E050}.Debug|Any CPU.ActiveCfg = Debug|Any CPU
		{BE3877A6-B51C-47C4-8A36-AB233A87E050}.Debug|Any CPU.Build.0 = Debug|Any CPU
		{BE3877A6-B51C-47C4-8A36-AB233A87E050}.Release|Any CPU.ActiveCfg = Release|Any CPU
		{BE3877A6-B51C-47C4-8A36-AB233A87E050}.Release|Any CPU.Build.0 = Release|Any CPU
		{5F1C88DB-48EE-424C-941B-28BB012434AC}.Debug|Any CPU.ActiveCfg = Debug|Any CPU
		{5F1C88DB-48EE-424C-941B-28BB012434AC}.Debug|Any CPU.Build.0 = Debug|Any CPU
		{5F1C88DB-48EE-424C-941B-28BB012434AC}.Release|Any CPU.ActiveCfg = Release|Any CPU
		{5F1C88DB-48EE-424C-941B-28BB012434AC}.Release|Any CPU.Build.0 = Release|Any CPU
		{DD5959AE-883B-46DB-BE98-9E41AB34119F}.Debug|Any CPU.ActiveCfg = Debug|Any CPU
		{DD5959AE-883B-46DB-BE98-9E41AB34119F}.Debug|Any CPU.Build.0 = Debug|Any CPU
		{DD5959AE-883B-46DB-BE98-9E41AB34119F}.Release|Any CPU.ActiveCfg = Release|Any CPU
		{DD5959AE-883B-46DB-BE98-9E41AB34119F}.Release|Any CPU.Build.0 = Release|Any CPU
		{2A6C90AD-D954-423F-A9CF-B4D77B2869D1}.Debug|Any CPU.ActiveCfg = Debug|Any CPU
		{2A6C90AD-D954-423F-A9CF-B4D77B2869D1}.Debug|Any CPU.Build.0 = Debug|Any CPU
		{2A6C90AD-D954-423F-A9CF-B4D77B2869D1}.Release|Any CPU.ActiveCfg = Release|Any CPU
		{2A6C90AD-D954-423F-A9CF-B4D77B2869D1}.Release|Any CPU.Build.0 = Release|Any CPU
	EndGlobalSection
	GlobalSection(SolutionProperties) = preSolution
		HideSolutionNode = FALSE
	EndGlobalSection
	GlobalSection(NestedProjects) = preSolution
		{B73CF827-40BB-48FD-8EF3-0AF83B7CD61E} = {8C9297FE-3A53-4E20-A0F7-978F33432919}
		{629CFE05-78E0-4506-A4B1-4265B6ECE51B} = {1B9BB421-EAA5-493F-90D2-4E05099F1D60}
		{6F833928-076E-44D5-B013-513D1012D7C9} = {1B9BB421-EAA5-493F-90D2-4E05099F1D60}
		{3A55CE76-7F4B-49BE-BC99-98D072DABD3E} = {FCA5DC1C-2A15-4D1B-8185-F341A30F789C}
		{6C15BDC0-1970-49BB-A85F-CA6F689A9837} = {8C9297FE-3A53-4E20-A0F7-978F33432919}
		{BE3877A6-B51C-47C4-8A36-AB233A87E050} = {3AE6999D-E031-4681-A6DE-45976916C145}
		{5F1C88DB-48EE-424C-941B-28BB012434AC} = {AEFA8D10-A1AD-46E3-A5BE-0788F935BB4F}
		{DD5959AE-883B-46DB-BE98-9E41AB34119F} = {AEFA8D10-A1AD-46E3-A5BE-0788F935BB4F}
		{2A6C90AD-D954-423F-A9CF-B4D77B2869D1} = {1B9BB421-EAA5-493F-90D2-4E05099F1D60}
	EndGlobalSection
	GlobalSection(ExtensibilityGlobals) = postSolution
		SolutionGuid = {872DA8DA-43C8-4B65-9CD6-F160925590F3}
	EndGlobalSection
EndGlobal
