
Microsoft Visual Studio Solution File, Format Version 12.00
# Visual Studio Version 17
VisualStudioVersion = 17.5.33424.131
MinimumVisualStudioVersion = 10.0.40219.1
Project("{9A19103F-16F7-4668-BE54-9A1E7A4F7556}") = "Spiderly.Security", "Spiderly.Security\Spiderly.Security.csproj", "{6F833928-076E-44D5-B013-513D1012D7C9}"
EndProject
Project("{9A19103F-16F7-4668-BE54-9A1E7A4F7556}") = "Spiderly.Infrastructure", "Spiderly.Infrastructure\Spiderly.Infrastructure.csproj", "{3A55CE76-7F4B-49BE-BC99-98D072DABD3E}"
EndProject
Project("{9A19103F-16F7-4668-BE54-9A1E7A4F7556}") = "Spiderly.SourceGenerators", "Spiderly.SourceGenerators\Spiderly.SourceGenerators.csproj", "{5F1C88DB-48EE-424C-941B-28BB012434AC}"
EndProject
Project("{9A19103F-16F7-4668-BE54-9A1E7A4F7556}") = "Spiderly.Shared", "Spiderly.Shared\Spiderly.Shared.csproj", "{2A6C90AD-D954-423F-A9CF-B4D77B2869D1}"
EndProject
Project("{FAE04EC0-301F-11D3-BF4B-00C04F79EFBC}") = "Spiderly.CLI", "Spiderly.CLI\Spiderly.CLI.csproj", "{058F315A-2F56-4B6A-9ECE-DF8DA54482B5}"
EndProject
Project("{FAE04EC0-301F-11D3-BF4B-00C04F79EFBC}") = "Spiderly.SourceGenerators.Tests", "Spiderly.SourceGenerators.Tests\Spiderly.SourceGenerators.Tests.csproj", "{4490BD4F-0215-4660-BCD7-5BECFFF62EA9}"
EndProject
Project("{FAE04EC0-301F-11D3-BF4B-00C04F79EFBC}") = "Spiderly.Shared.Tests", "Spiderly.Shared.Tests\Spiderly.Shared.Tests.csproj", "{5D7D6420-172F-4DF1-95D5-55A5E7EA1EDB}"
EndProject
Project("{FAE04EC0-301F-11D3-BF4B-00C04F79EFBC}") = "Spiderly.MetadataExporter", "Spiderly.MetadataExporter\Spiderly.MetadataExporter.csproj", "{D3ABB43B-FF51-4F76-95B9-EB2048A57577}"
EndProject
Project("{FAE04EC0-301F-11D3-BF4B-00C04F79EFBC}") = "Spiderly.CLI.Tests", "Spiderly.CLI.Tests\Spiderly.CLI.Tests.csproj", "{D10B8E62-878D-4D12-89E9-A4EF7C23CD19}"
EndProject
Project("{FAE04EC0-301F-11D3-BF4B-00C04F79EFBC}") = "Spiderly.Infrastructure.Tests", "Spiderly.Infrastructure.Tests\Spiderly.Infrastructure.Tests.csproj", "{F2869A41-9591-493C-89AC-1965354083EC}"
EndProject
Global
	GlobalSection(SolutionConfigurationPlatforms) = preSolution
		Debug|Any CPU = Debug|Any CPU
		Debug|x64 = Debug|x64
		Debug|x86 = Debug|x86
		Release|Any CPU = Release|Any CPU
		Release|x64 = Release|x64
		Release|x86 = Release|x86
	EndGlobalSection
	GlobalSection(ProjectConfigurationPlatforms) = postSolution
		{6F833928-076E-44D5-B013-513D1012D7C9}.Debug|Any CPU.ActiveCfg = Debug|Any CPU
		{6F833928-076E-44D5-B013-513D1012D7C9}.Debug|Any CPU.Build.0 = Debug|Any CPU
		{6F833928-076E-44D5-B013-513D1012D7C9}.Debug|x64.ActiveCfg = Debug|Any CPU
		{6F833928-076E-44D5-B013-513D1012D7C9}.Debug|x64.Build.0 = Debug|Any CPU
		{6F833928-076E-44D5-B013-513D1012D7C9}.Debug|x86.ActiveCfg = Debug|Any CPU
		{6F833928-076E-44D5-B013-513D1012D7C9}.Debug|x86.Build.0 = Debug|Any CPU
		{6F833928-076E-44D5-B013-513D1012D7C9}.Release|Any CPU.ActiveCfg = Release|Any CPU
		{6F833928-076E-44D5-B013-513D1012D7C9}.Release|Any CPU.Build.0 = Release|Any CPU
		{6F833928-076E-44D5-B013-513D1012D7C9}.Release|x64.ActiveCfg = Release|Any CPU
		{6F833928-076E-44D5-B013-513D1012D7C9}.Release|x64.Build.0 = Release|Any CPU
		{6F833928-076E-44D5-B013-513D1012D7C9}.Release|x86.ActiveCfg = Release|Any CPU
		{6F833928-076E-44D5-B013-513D1012D7C9}.Release|x86.Build.0 = Release|Any CPU
		{3A55CE76-7F4B-49BE-BC99-98D072DABD3E}.Debug|Any CPU.ActiveCfg = Debug|Any CPU
		{3A55CE76-7F4B-49BE-BC99-98D072DABD3E}.Debug|Any CPU.Build.0 = Debug|Any CPU
		{3A55CE76-7F4B-49BE-BC99-98D072DABD3E}.Debug|x64.ActiveCfg = Debug|Any CPU
		{3A55CE76-7F4B-49BE-BC99-98D072DABD3E}.Debug|x64.Build.0 = Debug|Any CPU
		{3A55CE76-7F4B-49BE-BC99-98D072DABD3E}.Debug|x86.ActiveCfg = Debug|Any CPU
		{3A55CE76-7F4B-49BE-BC99-98D072DABD3E}.Debug|x86.Build.0 = Debug|Any CPU
		{3A55CE76-7F4B-49BE-BC99-98D072DABD3E}.Release|Any CPU.ActiveCfg = Release|Any CPU
		{3A55CE76-7F4B-49BE-BC99-98D072DABD3E}.Release|Any CPU.Build.0 = Release|Any CPU
		{3A55CE76-7F4B-49BE-BC99-98D072DABD3E}.Release|x64.ActiveCfg = Release|Any CPU
		{3A55CE76-7F4B-49BE-BC99-98D072DABD3E}.Release|x64.Build.0 = Release|Any CPU
		{3A55CE76-7F4B-49BE-BC99-98D072DABD3E}.Release|x86.ActiveCfg = Release|Any CPU
		{3A55CE76-7F4B-49BE-BC99-98D072DABD3E}.Release|x86.Build.0 = Release|Any CPU
		{5F1C88DB-48EE-424C-941B-28BB012434AC}.Debug|Any CPU.ActiveCfg = Debug|Any CPU
		{5F1C88DB-48EE-424C-941B-28BB012434AC}.Debug|Any CPU.Build.0 = Debug|Any CPU
		{5F1C88DB-48EE-424C-941B-28BB012434AC}.Debug|x64.ActiveCfg = Debug|Any CPU
		{5F1C88DB-48EE-424C-941B-28BB012434AC}.Debug|x64.Build.0 = Debug|Any CPU
		{5F1C88DB-48EE-424C-941B-28BB012434AC}.Debug|x86.ActiveCfg = Debug|Any CPU
		{5F1C88DB-48EE-424C-941B-28BB012434AC}.Debug|x86.Build.0 = Debug|Any CPU
		{5F1C88DB-48EE-424C-941B-28BB012434AC}.Release|Any CPU.ActiveCfg = Release|Any CPU
		{5F1C88DB-48EE-424C-941B-28BB012434AC}.Release|Any CPU.Build.0 = Release|Any CPU
		{5F1C88DB-48EE-424C-941B-28BB012434AC}.Release|x64.ActiveCfg = Release|Any CPU
		{5F1C88DB-48EE-424C-941B-28BB012434AC}.Release|x64.Build.0 = Release|Any CPU
		{5F1C88DB-48EE-424C-941B-28BB012434AC}.Release|x86.ActiveCfg = Release|Any CPU
		{5F1C88DB-48EE-424C-941B-28BB012434AC}.Release|x86.Build.0 = Release|Any CPU
		{2A6C90AD-D954-423F-A9CF-B4D77B2869D1}.Debug|Any CPU.ActiveCfg = Debug|Any CPU
		{2A6C90AD-D954-423F-A9CF-B4D77B2869D1}.Debug|Any CPU.Build.0 = Debug|Any CPU
		{2A6C90AD-D954-423F-A9CF-B4D77B2869D1}.Debug|x64.ActiveCfg = Debug|Any CPU
		{2A6C90AD-D954-423F-A9CF-B4D77B2869D1}.Debug|x64.Build.0 = Debug|Any CPU
		{2A6C90AD-D954-423F-A9CF-B4D77B2869D1}.Debug|x86.ActiveCfg = Debug|Any CPU
		{2A6C90AD-D954-423F-A9CF-B4D77B2869D1}.Debug|x86.Build.0 = Debug|Any CPU
		{2A6C90AD-D954-423F-A9CF-B4D77B2869D1}.Release|Any CPU.ActiveCfg = Release|Any CPU
		{2A6C90AD-D954-423F-A9CF-B4D77B2869D1}.Release|Any CPU.Build.0 = Release|Any CPU
		{2A6C90AD-D954-423F-A9CF-B4D77B2869D1}.Release|x64.ActiveCfg = Release|Any CPU
		{2A6C90AD-D954-423F-A9CF-B4D77B2869D1}.Release|x64.Build.0 = Release|Any CPU
		{2A6C90AD-D954-423F-A9CF-B4D77B2869D1}.Release|x86.ActiveCfg = Release|Any CPU
		{2A6C90AD-D954-423F-A9CF-B4D77B2869D1}.Release|x86.Build.0 = Release|Any CPU
		{058F315A-2F56-4B6A-9ECE-DF8DA54482B5}.Debug|Any CPU.ActiveCfg = Debug|Any CPU
		{058F315A-2F56-4B6A-9ECE-DF8DA54482B5}.Debug|Any CPU.Build.0 = Debug|Any CPU
		{058F315A-2F56-4B6A-9ECE-DF8DA54482B5}.Debug|x64.ActiveCfg = Debug|Any CPU
		{058F315A-2F56-4B6A-9ECE-DF8DA54482B5}.Debug|x64.Build.0 = Debug|Any CPU
		{058F315A-2F56-4B6A-9ECE-DF8DA54482B5}.Debug|x86.ActiveCfg = Debug|Any CPU
		{058F315A-2F56-4B6A-9ECE-DF8DA54482B5}.Debug|x86.Build.0 = Debug|Any CPU
		{058F315A-2F56-4B6A-9ECE-DF8DA54482B5}.Release|Any CPU.ActiveCfg = Release|Any CPU
		{058F315A-2F56-4B6A-9ECE-DF8DA54482B5}.Release|Any CPU.Build.0 = Release|Any CPU
		{058F315A-2F56-4B6A-9ECE-DF8DA54482B5}.Release|x64.ActiveCfg = Release|Any CPU
		{058F315A-2F56-4B6A-9ECE-DF8DA54482B5}.Release|x64.Build.0 = Release|Any CPU
		{058F315A-2F56-4B6A-9ECE-DF8DA54482B5}.Release|x86.ActiveCfg = Release|Any CPU
		{058F315A-2F56-4B6A-9ECE-DF8DA54482B5}.Release|x86.Build.0 = Release|Any CPU
		{4490BD4F-0215-4660-BCD7-5BECFFF62EA9}.Debug|Any CPU.ActiveCfg = Debug|Any CPU
		{4490BD4F-0215-4660-BCD7-5BECFFF62EA9}.Debug|Any CPU.Build.0 = Debug|Any CPU
		{4490BD4F-0215-4660-BCD7-5BECFFF62EA9}.Debug|x64.ActiveCfg = Debug|Any CPU
		{4490BD4F-0215-4660-BCD7-5BECFFF62EA9}.Debug|x64.Build.0 = Debug|Any CPU
		{4490BD4F-0215-4660-BCD7-5BECFFF62EA9}.Debug|x86.ActiveCfg = Debug|Any CPU
		{4490BD4F-0215-4660-BCD7-5BECFFF62EA9}.Debug|x86.Build.0 = Debug|Any CPU
		{4490BD4F-0215-4660-BCD7-5BECFFF62EA9}.Release|Any CPU.ActiveCfg = Release|Any CPU
		{4490BD4F-0215-4660-BCD7-5BECFFF62EA9}.Release|Any CPU.Build.0 = Release|Any CPU
		{4490BD4F-0215-4660-BCD7-5BECFFF62EA9}.Release|x64.ActiveCfg = Release|Any CPU
		{4490BD4F-0215-4660-BCD7-5BECFFF62EA9}.Release|x64.Build.0 = Release|Any CPU
		{4490BD4F-0215-4660-BCD7-5BECFFF62EA9}.Release|x86.ActiveCfg = Release|Any CPU
		{4490BD4F-0215-4660-BCD7-5BECFFF62EA9}.Release|x86.Build.0 = Release|Any CPU
		{5D7D6420-172F-4DF1-95D5-55A5E7EA1EDB}.Debug|Any CPU.ActiveCfg = Debug|Any CPU
		{5D7D6420-172F-4DF1-95D5-55A5E7EA1EDB}.Debug|Any CPU.Build.0 = Debug|Any CPU
		{5D7D6420-172F-4DF1-95D5-55A5E7EA1EDB}.Debug|x64.ActiveCfg = Debug|Any CPU
		{5D7D6420-172F-4DF1-95D5-55A5E7EA1EDB}.Debug|x64.Build.0 = Debug|Any CPU
		{5D7D6420-172F-4DF1-95D5-55A5E7EA1EDB}.Debug|x86.ActiveCfg = Debug|Any CPU
		{5D7D6420-172F-4DF1-95D5-55A5E7EA1EDB}.Debug|x86.Build.0 = Debug|Any CPU
		{5D7D6420-172F-4DF1-95D5-55A5E7EA1EDB}.Release|Any CPU.ActiveCfg = Release|Any CPU
		{5D7D6420-172F-4DF1-95D5-55A5E7EA1EDB}.Release|Any CPU.Build.0 = Release|Any CPU
		{5D7D6420-172F-4DF1-95D5-55A5E7EA1EDB}.Release|x64.ActiveCfg = Release|Any CPU
		{5D7D6420-172F-4DF1-95D5-55A5E7EA1EDB}.Release|x64.Build.0 = Release|Any CPU
		{5D7D6420-172F-4DF1-95D5-55A5E7EA1EDB}.Release|x86.ActiveCfg = Release|Any CPU
		{5D7D6420-172F-4DF1-95D5-55A5E7EA1EDB}.Release|x86.Build.0 = Release|Any CPU
		{D3ABB43B-FF51-4F76-95B9-EB2048A57577}.Debug|Any CPU.ActiveCfg = Debug|Any CPU
		{D3ABB43B-FF51-4F76-95B9-EB2048A57577}.Debug|Any CPU.Build.0 = Debug|Any CPU
		{D3ABB43B-FF51-4F76-95B9-EB2048A57577}.Debug|x64.ActiveCfg = Debug|Any CPU
		{D3ABB43B-FF51-4F76-95B9-EB2048A57577}.Debug|x64.Build.0 = Debug|Any CPU
		{D3ABB43B-FF51-4F76-95B9-EB2048A57577}.Debug|x86.ActiveCfg = Debug|Any CPU
		{D3ABB43B-FF51-4F76-95B9-EB2048A57577}.Debug|x86.Build.0 = Debug|Any CPU
		{D3ABB43B-FF51-4F76-95B9-EB2048A57577}.Release|Any CPU.ActiveCfg = Release|Any CPU
		{D3ABB43B-FF51-4F76-95B9-EB2048A57577}.Release|Any CPU.Build.0 = Release|Any CPU
		{D3ABB43B-FF51-4F76-95B9-EB2048A57577}.Release|x64.ActiveCfg = Release|Any CPU
		{D3ABB43B-FF51-4F76-95B9-EB2048A57577}.Release|x64.Build.0 = Release|Any CPU
		{D3ABB43B-FF51-4F76-95B9-EB2048A57577}.Release|x86.ActiveCfg = Release|Any CPU
		{D3ABB43B-FF51-4F76-95B9-EB2048A57577}.Release|x86.Build.0 = Release|Any CPU
		{D10B8E62-878D-4D12-89E9-A4EF7C23CD19}.Debug|Any CPU.ActiveCfg = Debug|Any CPU
		{D10B8E62-878D-4D12-89E9-A4EF7C23CD19}.Debug|Any CPU.Build.0 = Debug|Any CPU
		{D10B8E62-878D-4D12-89E9-A4EF7C23CD19}.Debug|x64.ActiveCfg = Debug|Any CPU
		{D10B8E62-878D-4D12-89E9-A4EF7C23CD19}.Debug|x64.Build.0 = Debug|Any CPU
		{D10B8E62-878D-4D12-89E9-A4EF7C23CD19}.Debug|x86.ActiveCfg = Debug|Any CPU
		{D10B8E62-878D-4D12-89E9-A4EF7C23CD19}.Debug|x86.Build.0 = Debug|Any CPU
		{D10B8E62-878D-4D12-89E9-A4EF7C23CD19}.Release|Any CPU.ActiveCfg = Release|Any CPU
		{D10B8E62-878D-4D12-89E9-A4EF7C23CD19}.Release|Any CPU.Build.0 = Release|Any CPU
		{D10B8E62-878D-4D12-89E9-A4EF7C23CD19}.Release|x64.ActiveCfg = Release|Any CPU
		{D10B8E62-878D-4D12-89E9-A4EF7C23CD19}.Release|x64.Build.0 = Release|Any CPU
		{D10B8E62-878D-4D12-89E9-A4EF7C23CD19}.Release|x86.ActiveCfg = Release|Any CPU
		{D10B8E62-878D-4D12-89E9-A4EF7C23CD19}.Release|x86.Build.0 = Release|Any CPU
		{F2869A41-9591-493C-89AC-1965354083EC}.Debug|Any CPU.ActiveCfg = Debug|Any CPU
		{F2869A41-9591-493C-89AC-1965354083EC}.Debug|Any CPU.Build.0 = Debug|Any CPU
		{F2869A41-9591-493C-89AC-1965354083EC}.Debug|x64.ActiveCfg = Debug|Any CPU
		{F2869A41-9591-493C-89AC-1965354083EC}.Debug|x64.Build.0 = Debug|Any CPU
		{F2869A41-9591-493C-89AC-1965354083EC}.Debug|x86.ActiveCfg = Debug|Any CPU
		{F2869A41-9591-493C-89AC-1965354083EC}.Debug|x86.Build.0 = Debug|Any CPU
		{F2869A41-9591-493C-89AC-1965354083EC}.Release|Any CPU.ActiveCfg = Release|Any CPU
		{F2869A41-9591-493C-89AC-1965354083EC}.Release|Any CPU.Build.0 = Release|Any CPU
		{F2869A41-9591-493C-89AC-1965354083EC}.Release|x64.ActiveCfg = Release|Any CPU
		{F2869A41-9591-493C-89AC-1965354083EC}.Release|x64.Build.0 = Release|Any CPU
		{F2869A41-9591-493C-89AC-1965354083EC}.Release|x86.ActiveCfg = Release|Any CPU
		{F2869A41-9591-493C-89AC-1965354083EC}.Release|x86.Build.0 = Release|Any CPU
	EndGlobalSection
	GlobalSection(SolutionProperties) = preSolution
		HideSolutionNode = FALSE
	EndGlobalSection
	GlobalSection(ExtensibilityGlobals) = postSolution
		SolutionGuid = {872DA8DA-43C8-4B65-9CD6-F160925590F3}
	EndGlobalSection
EndGlobal
