
Microsoft Visual Studio Solution File, Format Version 12.00
# Visual Studio Version 17
VisualStudioVersion = 17.5.33424.131
MinimumVisualStudioVersion = 10.0.40219.1
Project("{9A19103F-16F7-4668-BE54-9A1E7A4F7556}") = "Spiderly.Security", "Spiderly.Security\Spiderly.Security.csproj", "{6F833928-076E-44D5-B013-513D1012D7C9}"
EndProject
Project("{9A19103F-16F7-4668-BE54-9A1E7A4F7556}") = "Spiderly.Infrastructure", "Spiderly.Infrastructure\Spiderly.Infrastructure.csproj", "{3A55CE76-7F4B-49BE-BC99-98D072DABD3E}"
EndProject
Project("{9A19103F-16F7-4668-BE54-9A1E7A4F7556}") = "Spiderly.SourceGenerators", "Spiderly.SourceGenerators\Spiderly.SourceGenerators.csproj", "{5F1C88DB-48EE-424C-941B-28BB012434AC}"
EndProject
Project("{9A19103F-16F7-4668-BE54-9A1E7A4F7556}") = "Spiderly.Shared", "Spiderly.Shared\Spiderly.Shared.csproj", "{2A6C90AD-D954-423F-A9CF-B4D77B2869D1}"
EndProject
Project("{FAE04EC0-301F-11D3-BF4B-00C04F79EFBC}") = "Spiderly.CLI", "Spiderly.CLI\Spiderly.CLI.csproj", "{058F315A-2F56-4B6A-9ECE-DF8DA54482B5}"
EndProject
Global
	GlobalSection(SolutionConfigurationPlatforms) = preSolution
		Debug|Any CPU = Debug|Any CPU
		Release|Any CPU = Release|Any CPU
	EndGlobalSection
	GlobalSection(ProjectConfigurationPlatforms) = postSolution
		{6F833928-076E-44D5-B013-513D1012D7C9}.Debug|Any CPU.ActiveCfg = Debug|Any CPU
		{6F833928-076E-44D5-B013-513D1012D7C9}.Debug|Any CPU.Build.0 = Debug|Any CPU
		{6F833928-076E-44D5-B013-513D1012D7C9}.Release|Any CPU.ActiveCfg = Release|Any CPU
		{6F833928-076E-44D5-B013-513D1012D7C9}.Release|Any CPU.Build.0 = Release|Any CPU
		{3A55CE76-7F4B-49BE-BC99-98D072DABD3E}.Debug|Any CPU.ActiveCfg = Debug|Any CPU
		{3A55CE76-7F4B-49BE-BC99-98D072DABD3E}.Debug|Any CPU.Build.0 = Debug|Any CPU
		{3A55CE76-7F4B-49BE-BC99-98D072DABD3E}.Release|Any CPU.ActiveCfg = Release|Any CPU
		{3A55CE76-7F4B-49BE-BC99-98D072DABD3E}.Release|Any CPU.Build.0 = Release|Any CPU
		{5F1C88DB-48EE-424C-941B-28BB012434AC}.Debug|Any CPU.ActiveCfg = Debug|Any CPU
		{5F1C88DB-48EE-424C-941B-28BB012434AC}.Debug|Any CPU.Build.0 = Debug|Any CPU
		{5F1C88DB-48EE-424C-941B-28BB012434AC}.Release|Any CPU.ActiveCfg = Release|Any CPU
		{5F1C88DB-48EE-424C-941B-28BB012434AC}.Release|Any CPU.Build.0 = Release|Any CPU
		{2A6C90AD-D954-423F-A9CF-B4D77B2869D1}.Debug|Any CPU.ActiveCfg = Debug|Any CPU
		{2A6C90AD-D954-423F-A9CF-B4D77B2869D1}.Debug|Any CPU.Build.0 = Debug|Any CPU
		{2A6C90AD-D954-423F-A9CF-B4D77B2869D1}.Release|Any CPU.ActiveCfg = Release|Any CPU
		{2A6C90AD-D954-423F-A9CF-B4D77B2869D1}.Release|Any CPU.Build.0 = Release|Any CPU
		{058F315A-2F56-4B6A-9ECE-DF8DA54482B5}.Debug|Any CPU.ActiveCfg = Debug|Any CPU
		{058F315A-2F56-4B6A-9ECE-DF8DA54482B5}.Debug|Any CPU.Build.0 = Debug|Any CPU
		{058F315A-2F56-4B6A-9ECE-DF8DA54482B5}.Release|Any CPU.ActiveCfg = Release|Any CPU
		{058F315A-2F56-4B6A-9ECE-DF8DA54482B5}.Release|Any CPU.Build.0 = Release|Any CPU
	EndGlobalSection
	GlobalSection(SolutionProperties) = preSolution
		HideSolutionNode = FALSE
	EndGlobalSection
	GlobalSection(ExtensibilityGlobals) = postSolution
		SolutionGuid = {872DA8DA-43C8-4B65-9CD6-F160925590F3}
	EndGlobalSection
EndGlobal
